Microsoft Visual Studio Solution File, Format Version 12.00
# Visual Studio 15
VisualStudioVersion = 15.0.27130.2036
MinimumVisualStudioVersion = 15.0.26124.0
Project("{2150E333-8FDC-42A3-9474-1A3956D46DE8}") = "src", "src", "{B83A2326-0064-4D2F-BB87-21ABEA2FB770}"
EndProject
Project("{9A19103F-16F7-4668-BE54-9A1E7A4F7556}") = "Todo.Core", "src\Todo.Core\Todo.Core.csproj", "{97CBDB65-E85E-4DB9-8BBF-3A2C1332A9FF}"
EndProject
Project("{9A19103F-16F7-4668-BE54-9A1E7A4F7556}") = "Todo.Infrastructure", "src\Todo.Infrastructure\Todo.Infrastructure.csproj", "{C541D168-A76D-4227-A264-202975B790FC}"
EndProject
Project("{9A19103F-16F7-4668-BE54-9A1E7A4F7556}") = "Todo.Web", "src\Todo.Web\Todo.Web.csproj", "{266DF7D8-B313-444C-A877-DAAEFB57C456}"
EndProject
Project("{2150E333-8FDC-42A3-9474-1A3956D46DE8}") = "tests", "tests", "{68C32613-7C3B-4CEF-8B2F-E7362DD1E6E5}"
EndProject
Project("{9A19103F-16F7-4668-BE54-9A1E7A4F7556}") = "IntegrationTests", "tests\IntegrationTests\IntegrationTests.csproj", "{E30710E4-0654-47A5-9C9E-52AD67EE64AC}"
EndProject
Project("{9A19103F-16F7-4668-BE54-9A1E7A4F7556}") = "UnitTests", "tests\UnitTests\UnitTests.csproj", "{B621BF3B-468F-465F-A47F-CC27AD7FAA5C}"
EndProject
Project("{9A19103F-16F7-4668-BE54-9A1E7A4F7556}") = "FunctionalTests", "tests\FunctionalTests\FunctionalTests.csproj", "{D356E7F1-743F-4AA3-8C34-D5DC0548775B}"
EndProject
Global
	GlobalSection(SolutionConfigurationPlatforms) = preSolution
		Debug|Any CPU = Debug|Any CPU
		Debug|x64 = Debug|x64
		Debug|x86 = Debug|x86
		Release|Any CPU = Release|Any CPU
		Release|x64 = Release|x64
		Release|x86 = Release|x86
	EndGlobalSection
	GlobalSection(ProjectConfigurationPlatforms) = postSolution
		{97CBDB65-E85E-4DB9-8BBF-3A2C1332A9FF}.Debug|Any CPU.ActiveCfg = Debug|Any CPU
		{97CBDB65-E85E-4DB9-8BBF-3A2C1332A9FF}.Debug|Any CPU.Build.0 = Debug|Any CPU
		{97CBDB65-E85E-4DB9-8BBF-3A2C1332A9FF}.Debug|x64.ActiveCfg = Debug|Any CPU
		{97CBDB65-E85E-4DB9-8BBF-3A2C1332A9FF}.Debug|x64.Build.0 = Debug|Any CPU
		{97CBDB65-E85E-4DB9-8BBF-3A2C1332A9FF}.Debug|x86.ActiveCfg = Debug|Any CPU
		{97CBDB65-E85E-4DB9-8BBF-3A2C1332A9FF}.Debug|x86.Build.0 = Debug|Any CPU
		{97CBDB65-E85E-4DB9-8BBF-3A2C1332A9FF}.Release|Any CPU.ActiveCfg = Release|Any CPU
		{97CBDB65-E85E-4DB9-8BBF-3A2C1332A9FF}.Release|Any CPU.Build.0 = Release|Any CPU
		{97CBDB65-E85E-4DB9-8BBF-3A2C1332A9FF}.Release|x64.ActiveCfg = Release|Any CPU
		{97CBDB65-E85E-4DB9-8BBF-3A2C1332A9FF}.Release|x64.Build.0 = Release|Any CPU
		{97CBDB65-E85E-4DB9-8BBF-3A2C1332A9FF}.Release|x86.ActiveCfg = Release|Any CPU
		{97CBDB65-E85E-4DB9-8BBF-3A2C1332A9FF}.Release|x86.Build.0 = Release|Any CPU
		{C541D168-A76D-4227-A264-202975B790FC}.Debug|Any CPU.ActiveCfg = Debug|Any CPU
		{C541D168-A76D-4227-A264-202975B790FC}.Debug|Any CPU.Build.0 = Debug|Any CPU
		{C541D168-A76D-4227-A264-202975B790FC}.Debug|x64.ActiveCfg = Debug|Any CPU
		{C541D168-A76D-4227-A264-202975B790FC}.Debug|x64.Build.0 = Debug|Any CPU
		{C541D168-A76D-4227-A264-202975B790FC}.Debug|x86.ActiveCfg = Debug|Any CPU
		{C541D168-A76D-4227-A264-202975B790FC}.Debug|x86.Build.0 = Debug|Any CPU
		{C541D168-A76D-4227-A264-202975B790FC}.Release|Any CPU.ActiveCfg = Release|Any CPU
		{C541D168-A76D-4227-A264-202975B790FC}.Release|Any CPU.Build.0 = Release|Any CPU
		{C541D168-A76D-4227-A264-202975B790FC}.Release|x64.ActiveCfg = Release|Any CPU
		{C541D168-A76D-4227-A264-202975B790FC}.Release|x64.Build.0 = Release|Any CPU
		{C541D168-A76D-4227-A264-202975B790FC}.Release|x86.ActiveCfg = Release|Any CPU
		{C541D168-A76D-4227-A264-202975B790FC}.Release|x86.Build.0 = Release|Any CPU
		{266DF7D8-B313-444C-A877-DAAEFB57C456}.Debug|Any CPU.ActiveCfg = Debug|Any CPU
		{266DF7D8-B313-444C-A877-DAAEFB57C456}.Debug|Any CPU.Build.0 = Debug|Any CPU
		{266DF7D8-B313-444C-A877-DAAEFB57C456}.Debug|x64.ActiveCfg = Debug|Any CPU
		{266DF7D8-B313-444C-A877-DAAEFB57C456}.Debug|x64.Build.0 = Debug|Any CPU
		{266DF7D8-B313-444C-A877-DAAEFB57C456}.Debug|x86.ActiveCfg = Debug|Any CPU
		{266DF7D8-B313-444C-A877-DAAEFB57C456}.Debug|x86.Build.0 = Debug|Any CPU
		{266DF7D8-B313-444C-A877-DAAEFB57C456}.Release|Any CPU.ActiveCfg = Release|Any CPU
		{266DF7D8-B313-444C-A877-DAAEFB57C456}.Release|Any CPU.Build.0 = Release|Any CPU
		{266DF7D8-B313-444C-A877-DAAEFB57C456}.Release|x64.ActiveCfg = Release|Any CPU
		{266DF7D8-B313-444C-A877-DAAEFB57C456}.Release|x64.Build.0 = Release|Any CPU
		{266DF7D8-B313-444C-A877-DAAEFB57C456}.Release|x86.ActiveCfg = Release|Any CPU
		{266DF7D8-B313-444C-A877-DAAEFB57C456}.Release|x86.Build.0 = Release|Any CPU
		{E30710E4-0654-47A5-9C9E-52AD67EE64AC}.Debug|Any CPU.ActiveCfg = Debug|Any CPU
		{E30710E4-0654-47A5-9C9E-52AD67EE64AC}.Debug|Any CPU.Build.0 = Debug|Any CPU
		{E30710E4-0654-47A5-9C9E-52AD67EE64AC}.Debug|x64.ActiveCfg = Debug|Any CPU
		{E30710E4-0654-47A5-9C9E-52AD67EE64AC}.Debug|x64.Build.0 = Debug|Any CPU
		{E30710E4-0654-47A5-9C9E-52AD67EE64AC}.Debug|x86.ActiveCfg = Debug|Any CPU
		{E30710E4-0654-47A5-9C9E-52AD67EE64AC}.Debug|x86.Build.0 = Debug|Any CPU
		{E30710E4-0654-47A5-9C9E-52AD67EE64AC}.Release|Any CPU.ActiveCfg = Release|Any CPU
		{E30710E4-0654-47A5-9C9E-52AD67EE64AC}.Release|Any CPU.Build.0 = Release|Any CPU
		{E30710E4-0654-47A5-9C9E-52AD67EE64AC}.Release|x64.ActiveCfg = Release|Any CPU
		{E30710E4-0654-47A5-9C9E-52AD67EE64AC}.Release|x64.Build.0 = Release|Any CPU
		{E30710E4-0654-47A5-9C9E-52AD67EE64AC}.Release|x86.ActiveCfg = Release|Any CPU
		{E30710E4-0654-47A5-9C9E-52AD67EE64AC}.Release|x86.Build.0 = Release|Any CPU
		{B621BF3B-468F-465F-A47F-CC27AD7FAA5C}.Debug|Any CPU.ActiveCfg = Debug|Any CPU
		{B621BF3B-468F-465F-A47F-CC27AD7FAA5C}.Debug|Any CPU.Build.0 = Debug|Any CPU
		{B621BF3B-468F-465F-A47F-CC27AD7FAA5C}.Debug|x64.ActiveCfg = Debug|Any CPU
		{B621BF3B-468F-465F-A47F-CC27AD7FAA5C}.Debug|x64.Build.0 = Debug|Any CPU
		{B621BF3B-468F-465F-A47F-CC27AD7FAA5C}.Debug|x86.ActiveCfg = Debug|Any CPU
		{B621BF3B-468F-465F-A47F-CC27AD7FAA5C}.Debug|x86.Build.0 = Debug|Any CPU
		{B621BF3B-468F-465F-A47F-CC27AD7FAA5C}.Release|Any CPU.ActiveCfg = Release|Any CPU
		{B621BF3B-468F-465F-A47F-CC27AD7FAA5C}.Release|Any CPU.Build.0 = Release|Any CPU
		{B621BF3B-468F-465F-A47F-CC27AD7FAA5C}.Release|x64.ActiveCfg = Release|Any CPU
		{B621BF3B-468F-465F-A47F-CC27AD7FAA5C}.Release|x64.Build.0 = Release|Any CPU
		{B621BF3B-468F-465F-A47F-CC27AD7FAA5C}.Release|x86.ActiveCfg = Release|Any CPU
		{B621BF3B-468F-465F-A47F-CC27AD7FAA5C}.Release|x86.Build.0 = Release|Any CPU
		{D356E7F1-743F-4AA3-8C34-D5DC0548775B}.Debug|Any CPU.ActiveCfg = Debug|Any CPU
		{D356E7F1-743F-4AA3-8C34-D5DC0548775B}.Debug|Any CPU.Build.0 = Debug|Any CPU
		{D356E7F1-743F-4AA3-8C34-D5DC0548775B}.Debug|x64.ActiveCfg = Debug|Any CPU
		{D356E7F1-743F-4AA3-8C34-D5DC0548775B}.Debug|x64.Build.0 = Debug|Any CPU
		{D356E7F1-743F-4AA3-8C34-D5DC0548775B}.Debug|x86.ActiveCfg = Debug|Any CPU
		{D356E7F1-743F-4AA3-8C34-D5DC0548775B}.Debug|x86.Build.0 = Debug|Any CPU
		{D356E7F1-743F-4AA3-8C34-D5DC0548775B}.Release|Any CPU.ActiveCfg = Release|Any CPU
		{D356E7F1-743F-4AA3-8C34-D5DC0548775B}.Release|Any CPU.Build.0 = Release|Any CPU
		{D356E7F1-743F-4AA3-8C34-D5DC0548775B}.Release|x64.ActiveCfg = Release|Any CPU
		{D356E7F1-743F-4AA3-8C34-D5DC0548775B}.Release|x64.Build.0 = Release|Any CPU
		{D356E7F1-743F-4AA3-8C34-D5DC0548775B}.Release|x86.ActiveCfg = Release|Any CPU
		{D356E7F1-743F-4AA3-8C34-D5DC0548775B}.Release|x86.Build.0 = Release|Any CPU
	EndGlobalSection
	GlobalSection(SolutionProperties) = preSolution
		HideSolutionNode = FALSE
	EndGlobalSection
	GlobalSection(NestedProjects) = preSolution
		{97CBDB65-E85E-4DB9-8BBF-3A2C1332A9FF} = {B83A2326-0064-4D2F-BB87-21ABEA2FB770}
		{C541D168-A76D-4227-A264-202975B790FC} = {B83A2326-0064-4D2F-BB87-21ABEA2FB770}
		{266DF7D8-B313-444C-A877-DAAEFB57C456} = {B83A2326-0064-4D2F-BB87-21ABEA2FB770}
		{E30710E4-0654-47A5-9C9E-52AD67EE64AC} = {68C32613-7C3B-4CEF-8B2F-E7362DD1E6E5}
		{B621BF3B-468F-465F-A47F-CC27AD7FAA5C} = {68C32613-7C3B-4CEF-8B2F-E7362DD1E6E5}
		{D356E7F1-743F-4AA3-8C34-D5DC0548775B} = {68C32613-7C3B-4CEF-8B2F-E7362DD1E6E5}
	EndGlobalSection
	GlobalSection(ExtensibilityGlobals) = postSolution
		SolutionGuid = {51DBCBF4-D5DB-4379-868C-BFF04FDA8037}
	EndGlobalSection
EndGlobal
